
Microsoft Visual Studio Solution File, Format Version 12.00
# Visual Studio Version 17
VisualStudioVersion = 17.11.35312.102
MinimumVisualStudioVersion = 10.0.40219.1
Project("{2150E333-8FDC-42A3-9474-1A3956D46DE8}") = "src", "src", "{F34020B8-D750-43D8-9A85-6341AFD71FDE}"
EndProject
Project("{2150E333-8FDC-42A3-9474-1A3956D46DE8}") = "test", "test", "{332A91C0-9359-4985-98D0-3ACF2EBC974F}"
EndProject
Project("{FAE04EC0-301F-11D3-BF4B-00C04F79EFBC}") = "Reserving.Domain", "src\Reserving.Domain\Reserving.Domain.csproj", "{2F698714-1B30-4251-BC9B-FE3CC1EA86ED}"
EndProject
Global
	GlobalSection(SolutionConfigurationPlatforms) = preSolution
		Debug|Any CPU = Debug|Any CPU
		Release|Any CPU = Release|Any CPU
	EndGlobalSection
	GlobalSection(ProjectConfigurationPlatforms) = postSolution
		{2F698714-1B30-4251-BC9B-FE3CC1EA86ED}.Debug|Any CPU.ActiveCfg = Debug|Any CPU
		{2F698714-1B30-4251-BC9B-FE3CC1EA86ED}.Debug|Any CPU.Build.0 = Debug|Any CPU
		{2F698714-1B30-4251-BC9B-FE3CC1EA86ED}.Release|Any CPU.ActiveCfg = Release|Any CPU
		{2F698714-1B30-4251-BC9B-FE3CC1EA86ED}.Release|Any CPU.Build.0 = Release|Any CPU
	EndGlobalSection
	GlobalSection(SolutionProperties) = preSolution
		HideSolutionNode = FALSE
	EndGlobalSection
	GlobalSection(NestedProjects) = preSolution
		{2F698714-1B30-4251-BC9B-FE3CC1EA86ED} = {F34020B8-D750-43D8-9A85-6341AFD71FDE}
	EndGlobalSection
	GlobalSection(ExtensibilityGlobals) = postSolution
		SolutionGuid = {468E2A77-F8CC-4EEC-9B6B-D60505D97DE5}
	EndGlobalSection
EndGlobal
